
Microsoft Visual Studio Solution File, Format Version 12.00
# Visual Studio Version 16
VisualStudioVersion = 16.0.32228.343
MinimumVisualStudioVersion = 10.0.40219.1
Project("{FAE04EC0-301F-11D3-BF4B-00C04F79EFBC}") = "Rectangle", "Rectangle\Rectangle.csproj", "{1EDAC1B3-FBD5-40C2-990E-95E25D3267FB}"
EndProject
Global
	GlobalSection(SolutionConfigurationPlatforms) = preSolution
		Debug|Any CPU = Debug|Any CPU
		Release|Any CPU = Release|Any CPU
	EndGlobalSection
	GlobalSection(ProjectConfigurationPlatforms) = postSolution
		{1EDAC1B3-FBD5-40C2-990E-95E25D3267FB}.Debug|Any CPU.ActiveCfg = Debug|Any CPU
		{1EDAC1B3-FBD5-40C2-990E-95E25D3267FB}.Debug|Any CPU.Build.0 = Debug|Any CPU
		{1EDAC1B3-FBD5-40C2-990E-95E25D3267FB}.Release|Any CPU.ActiveCfg = Release|Any CPU
		{1EDAC1B3-FBD5-40C2-990E-95E25D3267FB}.Release|Any CPU.Build.0 = Release|Any CPU
	EndGlobalSection
	GlobalSection(SolutionProperties) = preSolution
		HideSolutionNode = FALSE
	EndGlobalSection
	GlobalSection(ExtensibilityGlobals) = postSolution
		SolutionGuid = {398C40BA-280D-4617-B1D6-62BA12EFE210}
	EndGlobalSection
EndGlobal
